
Microsoft Visual Studio Solution File, Format Version 12.00
# Visual Studio 15
VisualStudioVersion = 15.0.27428.2015
MinimumVisualStudioVersion = 10.0.40219.1
Project("{FAE04EC0-301F-11D3-BF4B-00C04F79EFBC}") = "PancakeSorter", "PancakeSorter\PancakeSorter.csproj", "{6B1A59DE-48F1-42C8-8F27-9AD25C0F9D02}"
EndProject
Project("{FAE04EC0-301F-11D3-BF4B-00C04F79EFBC}") = "ContainerTransport", "ContainerTransport\ContainerTransport.csproj", "{A72FCF48-06E8-431E-A4CD-6CDDE71B2249}"
EndProject
Global
	GlobalSection(SolutionConfigurationPlatforms) = preSolution
		Debug|Any CPU = Debug|Any CPU
		Release|Any CPU = Release|Any CPU
	EndGlobalSection
	GlobalSection(ProjectConfigurationPlatforms) = postSolution
		{6B1A59DE-48F1-42C8-8F27-9AD25C0F9D02}.Debug|Any CPU.ActiveCfg = Debug|Any CPU
		{6B1A59DE-48F1-42C8-8F27-9AD25C0F9D02}.Debug|Any CPU.Build.0 = Debug|Any CPU
		{6B1A59DE-48F1-42C8-8F27-9AD25C0F9D02}.Release|Any CPU.ActiveCfg = Release|Any CPU
		{6B1A59DE-48F1-42C8-8F27-9AD25C0F9D02}.Release|Any CPU.Build.0 = Release|Any CPU
		{A72FCF48-06E8-431E-A4CD-6CDDE71B2249}.Debug|Any CPU.ActiveCfg = Debug|Any CPU
		{A72FCF48-06E8-431E-A4CD-6CDDE71B2249}.Debug|Any CPU.Build.0 = Debug|Any CPU
		{A72FCF48-06E8-431E-A4CD-6CDDE71B2249}.Release|Any CPU.ActiveCfg = Release|Any CPU
		{A72FCF48-06E8-431E-A4CD-6CDDE71B2249}.Release|Any CPU.Build.0 = Release|Any CPU
	EndGlobalSection
	GlobalSection(SolutionProperties) = preSolution
		HideSolutionNode = FALSE
	EndGlobalSection
	GlobalSection(ExtensibilityGlobals) = postSolution
		SolutionGuid = {486E45DF-0B24-478B-A08B-96FA89B533A1}
	EndGlobalSection
EndGlobal
